{
  "name": "mern",
  "version": "0.1.0",
  "lockfileVersion": 1,
  "requires": true,
  "dependencies": {
    "react-simple-read-more": {
      "version": "1.1.1",
      "resolved": "https://registry.npmjs.org/react-simple-read-more/-/react-simple-read-more-1.1.1.tgz",
      "integrity": "sha1-76BhK59MJR2Jn+aqCQ/x6Z6UCbU="
    }
  }
}
